// !$*UTF8*$!
{
	archiveVersion = 1;
	classes = {
	};
	objectVersion = 77;
	objects = {

/* Begin PBXBuildFile section */
		EBE64F3C2FAD3A5A0030E0C9 /* WidgetKit.framework in Frameworks */ = {isa = PBXBuildFile; fileRef = EBE64F3B2FAD3A5A0030E0C9 /* WidgetKit.framework */; };
		EBE64F3E2FAD3A5A0030E0C9 /* SwiftUI.framework in Frameworks */ = {isa = PBXBuildFile; fileRef = EBE64F3D2FAD3A5A0030E0C9 /* SwiftUI.framework */; };
		EBE64F4B2FAD3A5C0030E0C9 /* PrayerTrackerWidgetExtension.appex in Embed Foundation Extensions */ = {isa = PBXBuildFile; fileRef = EBE64F392FAD3A5A0030E0C9 /* PrayerTrackerWidgetExtension.appex */; settings = {ATTRIBUTES = (RemoveHeadersOnCopy, ); }; };
/* End PBXBuildFile section */

/* Begin PBXContainerItemProxy section */
		EBE64F492FAD3A5C0030E0C9 /* PBXContainerItemProxy */ = {
			isa = PBXContainerItemProxy;
			containerPortal = EBE64EDF2FA9356C0030E0C9 /* Project object */;
			proxyType = 1;
			remoteGlobalIDString = EBE64F382FAD3A5A0030E0C9;
			remoteInfo = PrayerTrackerWidgetExtension;
		};
/* End PBXContainerItemProxy section */

/* Begin PBXCopyFilesBuildPhase section */
		EBE64F502FAD3A5C0030E0C9 /* Embed Foundation Extensions */ = {
			isa = PBXCopyFilesBuildPhase;
			buildActionMask = 2147483647;
			dstPath = "";
			dstSubfolderSpec = 13;
			files = (
				EBE64F4B2FAD3A5C0030E0C9 /* PrayerTrackerWidgetExtension.appex in Embed Foundation Extensions */,
			);
			name = "Embed Foundation Extensions";
			runOnlyForDeploymentPostprocessing = 0;
		};
/* End PBXCopyFilesBuildPhase section */

/* Begin PBXFileReference section */
		EBE64EE72FA9356C0030E0C9 /* AdhanA.app */ = {isa = PBXFileReference; explicitFileType = wrapper.application; includeInIndex = 0; path = AdhanA.app; sourceTree = BUILT_PRODUCTS_DIR; };
		EBE64F392FAD3A5A0030E0C9 /* PrayerTrackerWidgetExtension.appex */ = {isa = PBXFileReference; explicitFileType = "wrapper.app-extension"; includeInIndex = 0; path = PrayerTrackerWidgetExtension.appex; sourceTree = BUILT_PRODUCTS_DIR; };
		EBE64F3B2FAD3A5A0030E0C9 /* WidgetKit.framework */ = {isa = PBXFileReference; lastKnownFileType = wrapper.framework; name = WidgetKit.framework; path = System/Library/Frameworks/WidgetKit.framework; sourceTree = SDKROOT; };
		EBE64F3D2FAD3A5A0030E0C9 /* SwiftUI.framework */ = {isa = PBXFileReference; lastKnownFileType = wrapper.framework; name = SwiftUI.framework; path = System/Library/Frameworks/SwiftUI.framework; sourceTree = SDKROOT; };
		EBE64F512FAD3C6F0030E0C9 /* PrayerTrackerWidgetExtension.entitlements */ = {isa = PBXFileReference; lastKnownFileType = text.plist.entitlements; path = PrayerTrackerWidgetExtension.entitlements; sourceTree = "<group>"; };
/* End PBXFileReference section */

/* Begin PBXFileSystemSynchronizedBuildFileExceptionSet section */
		EBE64F002FA93A8D0030E0C9 /* Exceptions for "AdhanA" folder in "AdhanA" target */ = {
			isa = PBXFileSystemSynchronizedBuildFileExceptionSet;
			membershipExceptions = (
				Info.plist,
			);
			target = EBE64EE62FA9356C0030E0C9 /* AdhanA */;
		};
		EBE64F4F2FAD3A5C0030E0C9 /* Exceptions for "PrayerTrackerWidget" folder in "PrayerTrackerWidgetExtension" target */ = {
			isa = PBXFileSystemSynchronizedBuildFileExceptionSet;
			membershipExceptions = (
				Info.plist,
			);
			target = EBE64F382FAD3A5A0030E0C9 /* PrayerTrackerWidgetExtension */;
		};
		EBE64F582FAD41310030E0C9 /* Exceptions for "AdhanA" folder in "PrayerTrackerWidgetExtension" target */ = {
			isa = PBXFileSystemSynchronizedBuildFileExceptionSet;
			membershipExceptions = (
				TogglePrayerIntent.swift,
			);
			target = EBE64F382FAD3A5A0030E0C9 /* PrayerTrackerWidgetExtension */;
		};
/* End PBXFileSystemSynchronizedBuildFileExceptionSet section */

/* Begin PBXFileSystemSynchronizedRootGroup section */
		EBE64EE92FA9356C0030E0C9 /* AdhanA */ = {
			isa = PBXFileSystemSynchronizedRootGroup;
			exceptions = (
				EBE64F002FA93A8D0030E0C9 /* Exceptions for "AdhanA" folder in "AdhanA" target */,
				EBE64F582FAD41310030E0C9 /* Exceptions for "AdhanA" folder in "PrayerTrackerWidgetExtension" target */,
			);
			path = AdhanA;
			sourceTree = "<group>";
		};
		EBE64F3F2FAD3A5A0030E0C9 /* PrayerTrackerWidget */ = {
			isa = PBXFileSystemSynchronizedRootGroup;
			exceptions = (
				EBE64F4F2FAD3A5C0030E0C9 /* Exceptions for "PrayerTrackerWidget" folder in "PrayerTrackerWidgetExtension" target */,
			);
			path = PrayerTrackerWidget;
			sourceTree = "<group>";
		};
/* End PBXFileSystemSynchronizedRootGroup section */

/* Begin PBXFrameworksBuildPhase section */
		EBE64EE42FA9356C0030E0C9 /* Frameworks */ = {
			isa = PBXFrameworksBuildPhase;
			buildActionMask = 2147483647;
			files = (
			);
			runOnlyForDeploymentPostprocessing = 0;
		};
		EBE64F362FAD3A5A0030E0C9 /* Frameworks */ = {
			isa = PBXFrameworksBuildPhase;
			buildActionMask = 2147483647;
			files = (
				EBE64F3E2FAD3A5A0030E0C9 /* SwiftUI.framework in Frameworks */,
				EBE64F3C2FAD3A5A0030E0C9 /* WidgetKit.framework in Frameworks */,
			);
			runOnlyForDeploymentPostprocessing = 0;
		};
/* End PBXFrameworksBuildPhase section */

/* Begin PBXGroup section */
		EBE64EDE2FA9356C0030E0C9 = {
			isa = PBXGroup;
			children = (
				EBE64F512FAD3C6F0030E0C9 /* PrayerTrackerWidgetExtension.entitlements */,
				EBE64EE92FA9356C0030E0C9 /* AdhanA */,
				EBE64F3F2FAD3A5A0030E0C9 /* PrayerTrackerWidget */,
				EBE64F3A2FAD3A5A0030E0C9 /* Frameworks */,
				EBE64EE82FA9356C0030E0C9 /* Products */,
			);
			sourceTree = "<group>";
		};
		EBE64EE82FA9356C0030E0C9 /* Products */ = {
			isa = PBXGroup;
			children = (
				EBE64EE72FA9356C0030E0C9 /* AdhanA.app */,
				EBE64F392FAD3A5A0030E0C9 /* PrayerTrackerWidgetExtension.appex */,
			);
			name = Products;
			sourceTree = "<group>";
		};
		EBE64F3A2FAD3A5A0030E0C9 /* Frameworks */ = {
			isa = PBXGroup;
			children = (
				EBE64F3B2FAD3A5A0030E0C9 /* WidgetKit.framework */,
				EBE64F3D2FAD3A5A0030E0C9 /* SwiftUI.framework */,
			);
			name = Frameworks;
			sourceTree = "<group>";
		};
/* End PBXGroup section */

/* Begin PBXNativeTarget section */
		EBE64EE62FA9356C0030E0C9 /* AdhanA */ = {
			isa = PBXNativeTarget;
			buildConfigurationList = EBE64EF22FA9356D0030E0C9 /* Build configuration list for PBXNativeTarget "AdhanA" */;
			buildPhases = (
				EBE64EE32FA9356C0030E0C9 /* Sources */,
				EBE64EE42FA9356C0030E0C9 /* Frameworks */,
				EBE64EE52FA9356C0030E0C9 /* Resources */,
				EBE64F502FAD3A5C0030E0C9 /* Embed Foundation Extensions */,
			);
			buildRules = (
			);
			dependencies = (
				EBE64F4A2FAD3A5C0030E0C9 /* PBXTargetDependency */,
			);
			fileSystemSynchronizedGroups = (
				EBE64EE92FA9356C0030E0C9 /* AdhanA */,
			);
			name = AdhanA;
			packageProductDependencies = (
			);
			productName = AdhanA;
			productReference = EBE64EE72FA9356C0030E0C9 /* AdhanA.app */;
			productType = "com.apple.product-type.application";
		};
		EBE64F382FAD3A5A0030E0C9 /* PrayerTrackerWidgetExtension */ = {
			isa = PBXNativeTarget;
			buildConfigurationList = EBE64F4C2FAD3A5C0030E0C9 /* Build configuration list for PBXNativeTarget "PrayerTrackerWidgetExtension" */;
			buildPhases = (
				EBE64F352FAD3A5A0030E0C9 /* Sources */,
				EBE64F362FAD3A5A0030E0C9 /* Frameworks */,
				EBE64F372FAD3A5A0030E0C9 /* Resources */,
			);
			buildRules = (
			);
			dependencies = (
			);
			fileSystemSynchronizedGroups = (
				EBE64F3F2FAD3A5A0030E0C9 /* PrayerTrackerWidget */,
			);
			name = PrayerTrackerWidgetExtension;
			packageProductDependencies = (
			);
			productName = PrayerTrackerWidgetExtension;
			productReference = EBE64F392FAD3A5A0030E0C9 /* PrayerTrackerWidgetExtension.appex */;
			productType = "com.apple.product-type.app-extension";
		};
/* End PBXNativeTarget section */

/* Begin PBXProject section */
		EBE64EDF2FA9356C0030E0C9 /* Project object */ = {
			isa = PBXProject;
			attributes = {
				BuildIndependentTargetsInParallel = 1;
				LastSwiftUpdateCheck = 2640;
				LastUpgradeCheck = 2640;
				TargetAttributes = {
					EBE64EE62FA9356C0030E0C9 = {
						CreatedOnToolsVersion = 26.4.1;
					};
					EBE64F382FAD3A5A0030E0C9 = {
						CreatedOnToolsVersion = 26.4.1;
					};
				};
			};
			buildConfigurationList = EBE64EE22FA9356C0030E0C9 /* Build configuration list for PBXProject "AdhanA" */;
			developmentRegion = en;
			hasScannedForEncodings = 0;
			knownRegions = (
				en,
				Base,
			);
			mainGroup = EBE64EDE2FA9356C0030E0C9;
			minimizedProjectReferenceProxies = 1;
			preferredProjectObjectVersion = 77;
			productRefGroup = EBE64EE82FA9356C0030E0C9 /* Products */;
			projectDirPath = "";
			projectRoot = "";
			targets = (
				EBE64EE62FA9356C0030E0C9 /* AdhanA */,
				EBE64F382FAD3A5A0030E0C9 /* PrayerTrackerWidgetExtension */,
			);
		};
/* End PBXProject section */

/* Begin PBXResourcesBuildPhase section */
		EBE64EE52FA9356C0030E0C9 /* Resources */ = {
			isa = PBXResourcesBuildPhase;
			buildActionMask = 2147483647;
			files = (
			);
			runOnlyForDeploymentPostprocessing = 0;
		};
		EBE64F372FAD3A5A0030E0C9 /* Resources */ = {
			isa = PBXResourcesBuildPhase;
			buildActionMask = 2147483647;
			files = (
			);
			runOnlyForDeploymentPostprocessing = 0;
		};
/* End PBXResourcesBuildPhase section */

/* Begin PBXSourcesBuildPhase section */
		EBE64EE32FA9356C0030E0C9 /* Sources */ = {
			isa = PBXSourcesBuildPhase;
			buildActionMask = 2147483647;
			files = (
			);
			runOnlyForDeploymentPostprocessing = 0;
		};
		EBE64F352FAD3A5A0030E0C9 /* Sources */ = {
			isa = PBXSourcesBuildPhase;
			buildActionMask = 2147483647;
			files = (
			);
			runOnlyForDeploymentPostprocessing = 0;
		};
/* End PBXSourcesBuildPhase section */

/* Begin PBXTargetDependency section */
		EBE64F4A2FAD3A5C0030E0C9 /* PBXTargetDependency */ = {
			isa = PBXTargetDependency;
			target = EBE64F382FAD3A5A0030E0C9 /* PrayerTrackerWidgetExtension */;
			targetProxy = EBE64F492FAD3A5C0030E0C9 /* PBXContainerItemProxy */;
		};
/* End PBXTargetDependency section */

/* Begin XCBuildConfiguration section */
		EBE64EF02FA9356D0030E0C9 /* Debug */ = {
			isa = XCBuildConfiguration;
			buildSettings = {
				ALWAYS_SEARCH_USER_PATHS = NO;
				ASSETCATALOG_COMPILER_GENERATE_SWIFT_ASSET_SYMBOL_EXTENSIONS = YES;
				CLANG_ANALYZER_NONNULL = YES;
				CLANG_ANALYZER_NUMBER_OBJECT_CONVERSION = YES_AGGRESSIVE;
				CLANG_CXX_LANGUAGE_STANDARD = "gnu++20";
				CLANG_ENABLE_MODULES = YES;
				CLANG_ENABLE_OBJC_ARC = YES;
				CLANG_ENABLE_OBJC_WEAK = YES;
				CLANG_WARN_BLOCK_CAPTURE_AUTORELEASING = YES;
				CLANG_WARN_BOOL_CONVERSION = YES;
				CLANG_WARN_COMMA = YES;
				CLANG_WARN_CONSTANT_CONVERSION = YES;
				CLANG_WARN_DEPRECATED_OBJC_IMPLEMENTATIONS = YES;
				CLANG_WARN_DIRECT_OBJC_ISA_USAGE = YES_ERROR;
				CLANG_WARN_DOCUMENTATION_COMMENTS = YES;
				CLANG_WARN_EMPTY_BODY = YES;
				CLANG_WARN_ENUM_CONVERSION = YES;
				CLANG_WARN_INFINITE_RECURSION = YES;
				CLANG_WARN_INT_CONVERSION = YES;
				CLANG_WARN_NON_LITERAL_NULL_CONVERSION = YES;
				CLANG_WARN_OBJC_IMPLICIT_RETAIN_SELF = YES;
				CLANG_WARN_OBJC_LITERAL_CONVERSION = YES;
				CLANG_WARN_OBJC_ROOT_CLASS = YES_ERROR;
				CLANG_WARN_QUOTED_INCLUDE_IN_FRAMEWORK_HEADER = YES;
				CLANG_WARN_RANGE_LOOP_ANALYSIS = YES;
				CLANG_WARN_STRICT_PROTOTYPES = YES;
				CLANG_WARN_SUSPICIOUS_MOVE = YES;
				CLANG_WARN_UNGUARDED_AVAILABILITY = YES_AGGRESSIVE;
				CLANG_WARN_UNREACHABLE_CODE = YES;
				CLANG_WARN__DUPLICATE_METHOD_MATCH = YES;
				COPY_PHASE_STRIP = NO;
				DEBUG_INFORMATION_FORMAT = dwarf;
				DEVELOPMENT_TEAM = ZSW2M8FRUM;
				ENABLE_STRICT_OBJC_MSGSEND = YES;
				ENABLE_TESTABILITY = YES;
				ENABLE_USER_SCRIPT_SANDBOXING = YES;
				GCC_C_LANGUAGE_STANDARD = gnu17;
				GCC_DYNAMIC_NO_PIC = NO;
				GCC_NO_COMMON_BLOCKS = YES;
				GCC_OPTIMIZATION_LEVEL = 0;
				GCC_PREPROCESSOR_DEFINITIONS = (
					"DEBUG=1",
					"$(inherited)",
				);
				GCC_WARN_64_TO_32_BIT_CONVERSION = YES;
				GCC_WARN_ABOUT_RETURN_TYPE = YES_ERROR;
				GCC_WARN_UNDECLARED_SELECTOR = YES;
				GCC_WARN_UNINITIALIZED_AUTOS = YES_AGGRESSIVE;
				GCC_WARN_UNUSED_FUNCTION = YES;
				GCC_WARN_UNUSED_VARIABLE = YES;
				IPHONEOS_DEPLOYMENT_TARGET = 26.4;
				LOCALIZATION_PREFERS_STRING_CATALOGS = YES;
				MTL_ENABLE_DEBUG_INFO = INCLUDE_SOURCE;
				MTL_FAST_MATH = YES;
				ONLY_ACTIVE_ARCH = YES;
				SDKROOT = iphoneos;
				SWIFT_ACTIVE_COMPILATION_CONDITIONS = "DEBUG $(inherited)";
				SWIFT_OPTIMIZATION_LEVEL = "-Onone";
			};
			name = Debug;
		};
		EBE64EF12FA9356D0030E0C9 /* Release */ = {
			isa = XCBuildConfiguration;
			buildSettings = {
				ALWAYS_SEARCH_USER_PATHS = NO;
				ASSETCATALOG_COMPILER_GENERATE_SWIFT_ASSET_SYMBOL_EXTENSIONS = YES;
				CLANG_ANALYZER_NONNULL = YES;
				CLANG_ANALYZER_NUMBER_OBJECT_CONVERSION = YES_AGGRESSIVE;
				CLANG_CXX_LANGUAGE_STANDARD = "gnu++20";
				CLANG_ENABLE_MODULES = YES;
				CLANG_ENABLE_OBJC_ARC = YES;
				CLANG_ENABLE_OBJC_WEAK = YES;
				CLANG_WARN_BLOCK_CAPTURE_AUTORELEASING = YES;
				CLANG_WARN_BOOL_CONVERSION = YES;
				CLANG_WARN_COMMA = YES;
				CLANG_WARN_CONSTANT_CONVERSION = YES;
				CLANG_WARN_DEPRECATED_OBJC_IMPLEMENTATIONS = YES;
				CLANG_WARN_DIRECT_OBJC_ISA_USAGE = YES_ERROR;
				CLANG_WARN_DOCUMENTATION_COMMENTS = YES;
				CLANG_WARN_EMPTY_BODY = YES;
				CLANG_WARN_ENUM_CONVERSION = YES;
				CLANG_WARN_INFINITE_RECURSION = YES;
				CLANG_WARN_INT_CONVERSION = YES;
				CLANG_WARN_NON_LITERAL_NULL_CONVERSION = YES;
				CLANG_WARN_OBJC_IMPLICIT_RETAIN_SELF = YES;
				CLANG_WARN_OBJC_LITERAL_CONVERSION = YES;
				CLANG_WARN_OBJC_ROOT_CLASS = YES_ERROR;
				CLANG_WARN_QUOTED_INCLUDE_IN_FRAMEWORK_HEADER = YES;
				CLANG_WARN_RANGE_LOOP_ANALYSIS = YES;
				CLANG_WARN_STRICT_PROTOTYPES = YES;
				CLANG_WARN_SUSPICIOUS_MOVE = YES;
				CLANG_WARN_UNGUARDED_AVAILABILITY = YES_AGGRESSIVE;
				CLANG_WARN_UNREACHABLE_CODE = YES;
				CLANG_WARN__DUPLICATE_METHOD_MATCH = YES;
				COPY_PHASE_STRIP = NO;
				DEBUG_INFORMATION_FORMAT = "dwarf-with-dsym";
				DEVELOPMENT_TEAM = ZSW2M8FRUM;
				ENABLE_NS_ASSERTIONS = NO;
				ENABLE_STRICT_OBJC_MSGSEND = YES;
				ENABLE_USER_SCRIPT_SANDBOXING = YES;
				GCC_C_LANGUAGE_STANDARD = gnu17;
				GCC_NO_COMMON_BLOCKS = YES;
				GCC_WARN_64_TO_32_BIT_CONVERSION = YES;
				GCC_WARN_ABOUT_RETURN_TYPE = YES_ERROR;
				GCC_WARN_UNDECLARED_SELECTOR = YES;
				GCC_WARN_UNINITIALIZED_AUTOS = YES_AGGRESSIVE;
				GCC_WARN_UNUSED_FUNCTION = YES;
				GCC_WARN_UNUSED_VARIABLE = YES;
				IPHONEOS_DEPLOYMENT_TARGET = 26.4;
				LOCALIZATION_PREFERS_STRING_CATALOGS = YES;
				MTL_ENABLE_DEBUG_INFO = NO;
				MTL_FAST_MATH = YES;
				SDKROOT = iphoneos;
				SWIFT_COMPILATION_MODE = wholemodule;
				VALIDATE_PRODUCT = YES;
			};
			name = Release;
		};
		EBE64EF32FA9356D0030E0C9 /* Debug */ = {
			isa = XCBuildConfiguration;
			buildSettings = {
				ASSETCATALOG_COMPILER_APPICON_NAME = AppIcon;
				ASSETCATALOG_COMPILER_GLOBAL_ACCENT_COLOR_NAME = AccentColor;
				CODE_SIGN_ENTITLEMENTS = AdhanA/AdhanA.entitlements;
				CODE_SIGN_STYLE = Automatic;
				CURRENT_PROJECT_VERSION = 1;
				DEVELOPMENT_TEAM = ZSW2M8FRUM;
				ENABLE_PREVIEWS = YES;
				GENERATE_INFOPLIST_FILE = YES;
				INFOPLIST_FILE = AdhanA/Info.plist;
				INFOPLIST_KEY_NSLocationWhenInUseUsageDescription = "We use your location to calculate prayer times";
				INFOPLIST_KEY_UIApplicationSceneManifest_Generation = YES;
				INFOPLIST_KEY_UIApplicationSupportsIndirectInputEvents = YES;
				INFOPLIST_KEY_UILaunchScreen_Generation = YES;
				INFOPLIST_KEY_UISupportedInterfaceOrientations_iPad = "UIInterfaceOrientationPortrait UIInterfaceOrientationPortraitUpsideDown UIInterfaceOrientationLandscapeLeft UIInterfaceOrientationLandscapeRight";
				LD_RUNPATH_SEARCH_PATHS = (
					"$(inherited)",
					"@executable_path/Frameworks",
				);
				MARKETING_VERSION = 1.0;
				PRODUCT_BUNDLE_IDENTIFIER = com.cabrayilqulamzada.AdhanA;
				PRODUCT_NAME = "$(TARGET_NAME)";
				STRING_CATALOG_GENERATE_SYMBOLS = YES;
				SWIFT_APPROACHABLE_CONCURRENCY = YES;
				SWIFT_DEFAULT_ACTOR_ISOLATION = MainActor;
				SWIFT_EMIT_LOC_STRINGS = YES;
				SWIFT_UPCOMING_FEATURE_MEMBER_IMPORT_VISIBILITY = YES;
				SWIFT_VERSION = 5.0;
				TARGETED_DEVICE_FAMILY = "1,2";
			};
			name = Debug;
		};
		EBE64EF42FA9356D0030E0C9 /* Release */ = {
			isa = XCBuildConfiguration;
			buildSettings = {
				ASSETCATALOG_COMPILER_APPICON_NAME = AppIcon;
				ASSETCATALOG_COMPILER_GLOBAL_ACCENT_COLOR_NAME = AccentColor;
				CODE_SIGN_ENTITLEMENTS = AdhanA/AdhanA.entitlements;
				CODE_SIGN_STYLE = Automatic;
				CURRENT_PROJECT_VERSION = 1;
				DEVELOPMENT_TEAM = ZSW2M8FRUM;
				ENABLE_PREVIEWS = YES;
				GENERATE_INFOPLIST_FILE = YES;
				INFOPLIST_FILE = AdhanA/Info.plist;
				INFOPLIST_KEY_NSLocationWhenInUseUsageDescription = "We use your location to calculate prayer times";
				INFOPLIST_KEY_UIApplicationSceneManifest_Generation = YES;
				INFOPLIST_KEY_UIApplicationSupportsIndirectInputEvents = YES;
				INFOPLIST_KEY_UILaunchScreen_Generation = YES;
				INFOPLIST_KEY_UISupportedInterfaceOrientations_iPad = "UIInterfaceOrientationPortrait UIInterfaceOrientationPortraitUpsideDown UIInterfaceOrientationLandscapeLeft UIInterfaceOrientationLandscapeRight";
				LD_RUNPATH_SEARCH_PATHS = (
					"$(inherited)",
					"@executable_path/Frameworks",
				);
				MARKETING_VERSION = 1.0;
				PRODUCT_BUNDLE_IDENTIFIER = com.cabrayilqulamzada.AdhanA;
				PRODUCT_NAME = "$(TARGET_NAME)";
				STRING_CATALOG_GENERATE_SYMBOLS = YES;
				SWIFT_APPROACHABLE_CONCURRENCY = YES;
				SWIFT_DEFAULT_ACTOR_ISOLATION = MainActor;
				SWIFT_EMIT_LOC_STRINGS = YES;
				SWIFT_UPCOMING_FEATURE_MEMBER_IMPORT_VISIBILITY = YES;
				SWIFT_VERSION = 5.0;
				TARGETED_DEVICE_FAMILY = "1,2";
			};
			name = Release;
		};
		EBE64F4D2FAD3A5C0030E0C9 /* Debug */ = {
			isa = XCBuildConfiguration;
			buildSettings = {
				ASSETCATALOG_COMPILER_GLOBAL_ACCENT_COLOR_NAME = AccentColor;
				ASSETCATALOG_COMPILER_WIDGET_BACKGROUND_COLOR_NAME = WidgetBackground;
				CODE_SIGN_ENTITLEMENTS = PrayerTrackerWidgetExtension.entitlements;
				CODE_SIGN_STYLE = Automatic;
				CURRENT_PROJECT_VERSION = 1;
				DEVELOPMENT_TEAM = ZSW2M8FRUM;
				GENERATE_INFOPLIST_FILE = YES;
				INFOPLIST_FILE = PrayerTrackerWidget/Info.plist;
				INFOPLIST_KEY_CFBundleDisplayName = PrayerTrackerWidget;
				INFOPLIST_KEY_NSHumanReadableCopyright = "";
				LD_RUNPATH_SEARCH_PATHS = (
					"$(inherited)",
					"@executable_path/Frameworks",
					"@executable_path/../../Frameworks",
				);
				MARKETING_VERSION = 1.0;
				PRODUCT_BUNDLE_IDENTIFIER = com.cabrayilqulamzada.AdhanA.PrayerTrackerWidget;
				PRODUCT_NAME = "$(TARGET_NAME)";
				SKIP_INSTALL = YES;
				STRING_CATALOG_GENERATE_SYMBOLS = YES;
				SWIFT_APPROACHABLE_CONCURRENCY = YES;
				SWIFT_EMIT_LOC_STRINGS = YES;
				SWIFT_UPCOMING_FEATURE_MEMBER_IMPORT_VISIBILITY = YES;
				SWIFT_VERSION = 5.0;
				TARGETED_DEVICE_FAMILY = "1,2";
			};
			name = Debug;
		};
		EBE64F4E2FAD3A5C0030E0C9 /* Release */ = {
			isa = XCBuildConfiguration;
			buildSettings = {
				ASSETCATALOG_COMPILER_GLOBAL_ACCENT_COLOR_NAME = AccentColor;
				ASSETCATALOG_COMPILER_WIDGET_BACKGROUND_COLOR_NAME = WidgetBackground;
				CODE_SIGN_ENTITLEMENTS = PrayerTrackerWidgetExtension.entitlements;
				CODE_SIGN_STYLE = Automatic;
				CURRENT_PROJECT_VERSION = 1;
				DEVELOPMENT_TEAM = ZSW2M8FRUM;
				GENERATE_INFOPLIST_FILE = YES;
				INFOPLIST_FILE = PrayerTrackerWidget/Info.plist;
				INFOPLIST_KEY_CFBundleDisplayName = PrayerTrackerWidget;
				INFOPLIST_KEY_NSHumanReadableCopyright = "";
				LD_RUNPATH_SEARCH_PATHS = (
					"$(inherited)",
					"@executable_path/Frameworks",
					"@executable_path/../../Frameworks",
				);
				MARKETING_VERSION = 1.0;
				PRODUCT_BUNDLE_IDENTIFIER = com.cabrayilqulamzada.AdhanA.PrayerTrackerWidget;
				PRODUCT_NAME = "$(TARGET_NAME)";
				SKIP_INSTALL = YES;
				STRING_CATALOG_GENERATE_SYMBOLS = YES;
				SWIFT_APPROACHABLE_CONCURRENCY = YES;
				SWIFT_EMIT_LOC_STRINGS = YES;
				SWIFT_UPCOMING_FEATURE_MEMBER_IMPORT_VISIBILITY = YES;
				SWIFT_VERSION = 5.0;
				TARGETED_DEVICE_FAMILY = "1,2";
			};
			name = Release;
		};
/* End XCBuildConfiguration section */

/* Begin XCConfigurationList section */
		EBE64EE22FA9356C0030E0C9 /* Build configuration list for PBXProject "AdhanA" */ = {
			isa = XCConfigurationList;
			buildConfigurations = (
				EBE64EF02FA9356D0030E0C9 /* Debug */,
				EBE64EF12FA9356D0030E0C9 /* Release */,
			);
			defaultConfigurationIsVisible = 0;
			defaultConfigurationName = Release;
		};
		EBE64EF22FA9356D0030E0C9 /* Build configuration list for PBXNativeTarget "AdhanA" */ = {
			isa = XCConfigurationList;
			buildConfigurations = (
				EBE64EF32FA9356D0030E0C9 /* Debug */,
				EBE64EF42FA9356D0030E0C9 /* Release */,
			);
			defaultConfigurationIsVisible = 0;
			defaultConfigurationName = Release;
		};
		EBE64F4C2FAD3A5C0030E0C9 /* Build configuration list for PBXNativeTarget "PrayerTrackerWidgetExtension" */ = {
			isa = XCConfigurationList;
			buildConfigurations = (
				EBE64F4D2FAD3A5C0030E0C9 /* Debug */,
				EBE64F4E2FAD3A5C0030E0C9 /* Release */,
			);
			defaultConfigurationIsVisible = 0;
			defaultConfigurationName = Release;
		};
/* End XCConfigurationList section */
	};
	rootObject = EBE64EDF2FA9356C0030E0C9 /* Project object */;
}
